
Microsoft Visual Studio Solution File, Format Version 12.00
# Visual Studio Version 17
VisualStudioVersion = 17.2.32602.215
MinimumVisualStudioVersion = 10.0.40219.1
Project("{9A19103F-16F7-4668-BE54-9A1E7A4F7556}") = "CarProjectConsole", "CarProjectConsole\CarProjectConsole.csproj", "{F943B0FD-0FB8-4027-A150-85FC2B644F1E}"
EndProject
Project("{9A19103F-16F7-4668-BE54-9A1E7A4F7556}") = "CarModel", "Car\CarModel.csproj", "{73FEF74A-3F06-4289-8A6F-6613C10F244B}"
EndProject
Project("{FAE04EC0-301F-11D3-BF4B-00C04F79EFBC}") = "CarAPIProject", "CarAPIProject\CarAPIProject.csproj", "{FD39EF58-EE47-4BEA-8564-67D5FED69EAE}"
EndProject
Global
	GlobalSection(SolutionConfigurationPlatforms) = preSolution
		Debug|Any CPU = Debug|Any CPU
		Release|Any CPU = Release|Any CPU
	EndGlobalSection
	GlobalSection(ProjectConfigurationPlatforms) = postSolution
		{F943B0FD-0FB8-4027-A150-85FC2B644F1E}.Debug|Any CPU.ActiveCfg = Debug|Any CPU
		{F943B0FD-0FB8-4027-A150-85FC2B644F1E}.Debug|Any CPU.Build.0 = Debug|Any CPU
		{F943B0FD-0FB8-4027-A150-85FC2B644F1E}.Release|Any CPU.ActiveCfg = Release|Any CPU
		{F943B0FD-0FB8-4027-A150-85FC2B644F1E}.Release|Any CPU.Build.0 = Release|Any CPU
		{73FEF74A-3F06-4289-8A6F-6613C10F244B}.Debug|Any CPU.ActiveCfg = Debug|Any CPU
		{73FEF74A-3F06-4289-8A6F-6613C10F244B}.Debug|Any CPU.Build.0 = Debug|Any CPU
		{73FEF74A-3F06-4289-8A6F-6613C10F244B}.Release|Any CPU.ActiveCfg = Release|Any CPU
		{73FEF74A-3F06-4289-8A6F-6613C10F244B}.Release|Any CPU.Build.0 = Release|Any CPU
		{FD39EF58-EE47-4BEA-8564-67D5FED69EAE}.Debug|Any CPU.ActiveCfg = Debug|Any CPU
		{FD39EF58-EE47-4BEA-8564-67D5FED69EAE}.Debug|Any CPU.Build.0 = Debug|Any CPU
		{FD39EF58-EE47-4BEA-8564-67D5FED69EAE}.Release|Any CPU.ActiveCfg = Release|Any CPU
		{FD39EF58-EE47-4BEA-8564-67D5FED69EAE}.Release|Any CPU.Build.0 = Release|Any CPU
	EndGlobalSection
	GlobalSection(SolutionProperties) = preSolution
		HideSolutionNode = FALSE
	EndGlobalSection
	GlobalSection(ExtensibilityGlobals) = postSolution
		SolutionGuid = {D76A0C81-E048-49CC-B196-4F20436F1246}
	EndGlobalSection
EndGlobal
